
Microsoft Visual Studio Solution File, Format Version 12.00
# Visual Studio 15
VisualStudioVersion = 15.0.27703.2042
MinimumVisualStudioVersion = 10.0.40219.1
Project("{9A19103F-16F7-4668-BE54-9A1E7A4F7556}") = "PersonalSite.Server", "PersonalSite.Server\PersonalSite.Server.csproj", "{D12DFE13-7451-49E9-A4AA-44229266E99E}"
EndProject
Project("{9A19103F-16F7-4668-BE54-9A1E7A4F7556}") = "PersonalSite.Client", "PersonalSite.Client\PersonalSite.Client.csproj", "{3A5D9ED7-B923-4E22-93B4-3F8E48288E96}"
EndProject
Project("{9A19103F-16F7-4668-BE54-9A1E7A4F7556}") = "PersonalSite.Shared", "PersonalSite.Shared\PersonalSite.Shared.csproj", "{88501098-1F87-43F5-AB7A-BD23387124C2}"
EndProject
Project("{9A19103F-16F7-4668-BE54-9A1E7A4F7556}") = "Site.Core", "Site.Core\Site.Core.csproj", "{F286E2A3-C1CB-4E79-A022-2EED85F65E4A}"
EndProject
Global
	GlobalSection(SolutionConfigurationPlatforms) = preSolution
		Debug|Any CPU = Debug|Any CPU
		Release|Any CPU = Release|Any CPU
	EndGlobalSection
	GlobalSection(ProjectConfigurationPlatforms) = postSolution
		{D12DFE13-7451-49E9-A4AA-44229266E99E}.Debug|Any CPU.ActiveCfg = Debug|Any CPU
		{D12DFE13-7451-49E9-A4AA-44229266E99E}.Debug|Any CPU.Build.0 = Debug|Any CPU
		{D12DFE13-7451-49E9-A4AA-44229266E99E}.Release|Any CPU.ActiveCfg = Release|Any CPU
		{D12DFE13-7451-49E9-A4AA-44229266E99E}.Release|Any CPU.Build.0 = Release|Any CPU
		{3A5D9ED7-B923-4E22-93B4-3F8E48288E96}.Debug|Any CPU.ActiveCfg = Debug|Any CPU
		{3A5D9ED7-B923-4E22-93B4-3F8E48288E96}.Debug|Any CPU.Build.0 = Debug|Any CPU
		{3A5D9ED7-B923-4E22-93B4-3F8E48288E96}.Release|Any CPU.ActiveCfg = Release|Any CPU
		{3A5D9ED7-B923-4E22-93B4-3F8E48288E96}.Release|Any CPU.Build.0 = Release|Any CPU
		{88501098-1F87-43F5-AB7A-BD23387124C2}.Debug|Any CPU.ActiveCfg = Debug|Any CPU
		{88501098-1F87-43F5-AB7A-BD23387124C2}.Debug|Any CPU.Build.0 = Debug|Any CPU
		{88501098-1F87-43F5-AB7A-BD23387124C2}.Release|Any CPU.ActiveCfg = Release|Any CPU
		{88501098-1F87-43F5-AB7A-BD23387124C2}.Release|Any CPU.Build.0 = Release|Any CPU
		{F286E2A3-C1CB-4E79-A022-2EED85F65E4A}.Debug|Any CPU.ActiveCfg = Debug|Any CPU
		{F286E2A3-C1CB-4E79-A022-2EED85F65E4A}.Debug|Any CPU.Build.0 = Debug|Any CPU
		{F286E2A3-C1CB-4E79-A022-2EED85F65E4A}.Release|Any CPU.ActiveCfg = Release|Any CPU
		{F286E2A3-C1CB-4E79-A022-2EED85F65E4A}.Release|Any CPU.Build.0 = Release|Any CPU
	EndGlobalSection
	GlobalSection(SolutionProperties) = preSolution
		HideSolutionNode = FALSE
	EndGlobalSection
	GlobalSection(ExtensibilityGlobals) = postSolution
		SolutionGuid = {AFCEC407-6875-48A9-AF6F-83108613A45A}
	EndGlobalSection
EndGlobal
